
Microsoft Visual Studio Solution File, Format Version 12.00
# Visual Studio Version 17
VisualStudioVersion = 17.3.32929.385
MinimumVisualStudioVersion = 10.0.40219.1
Project("{FAE04EC0-301F-11D3-BF4B-00C04F79EFBC}") = "Tirajii", "Tirajii\Tirajii.csproj", "{1DCFE958-C409-4E52-B19F-3BAFFFB7416F}"
EndProject
Global
	GlobalSection(SolutionConfigurationPlatforms) = preSolution
		Debug|Any CPU = Debug|Any CPU
		Release|Any CPU = Release|Any CPU
	EndGlobalSection
	GlobalSection(ProjectConfigurationPlatforms) = postSolution
		{1DCFE958-C409-4E52-B19F-3BAFFFB7416F}.Debug|Any CPU.ActiveCfg = Debug|Any CPU
		{1DCFE958-C409-4E52-B19F-3BAFFFB7416F}.Debug|Any CPU.Build.0 = Debug|Any CPU
		{1DCFE958-C409-4E52-B19F-3BAFFFB7416F}.Release|Any CPU.ActiveCfg = Release|Any CPU
		{1DCFE958-C409-4E52-B19F-3BAFFFB7416F}.Release|Any CPU.Build.0 = Release|Any CPU
	EndGlobalSection
	GlobalSection(SolutionProperties) = preSolution
		HideSolutionNode = FALSE
	EndGlobalSection
	GlobalSection(ExtensibilityGlobals) = postSolution
		SolutionGuid = {CD258FA2-12E4-4D5B-A284-22C7BC1A992F}
	EndGlobalSection
EndGlobal
